
Microsoft Visual Studio Solution File, Format Version 12.00
# Visual Studio 15
VisualStudioVersion = 15.0.26403.7
MinimumVisualStudioVersion = 10.0.40219.1
Project("{FAE04EC0-301F-11D3-BF4B-00C04F79EFBC}") = "TrafficLight_Console", "TrafficLight_Console\TrafficLight_Console.csproj", "{145A264A-C77C-4B27-8371-64FDA3306C0F}"
EndProject
Project("{FAE04EC0-301F-11D3-BF4B-00C04F79EFBC}") = "iLyncClassLibrary", "iLyncClassLibrary\iLyncClassLibrary.csproj", "{287B0824-1FED-40BA-B4AA-27A065706AF9}"
EndProject
Project("{FAE04EC0-301F-11D3-BF4B-00C04F79EFBC}") = "Common", "Common\Common.csproj", "{339CD677-D8B8-4CFF-8E95-245D30622399}"
EndProject
Global
	GlobalSection(SolutionConfigurationPlatforms) = preSolution
		Debug|Any CPU = Debug|Any CPU
		Release|Any CPU = Release|Any CPU
	EndGlobalSection
	GlobalSection(ProjectConfigurationPlatforms) = postSolution
		{145A264A-C77C-4B27-8371-64FDA3306C0F}.Debug|Any CPU.ActiveCfg = Debug|Any CPU
		{145A264A-C77C-4B27-8371-64FDA3306C0F}.Debug|Any CPU.Build.0 = Debug|Any CPU
		{145A264A-C77C-4B27-8371-64FDA3306C0F}.Release|Any CPU.ActiveCfg = Release|Any CPU
		{145A264A-C77C-4B27-8371-64FDA3306C0F}.Release|Any CPU.Build.0 = Release|Any CPU
		{287B0824-1FED-40BA-B4AA-27A065706AF9}.Debug|Any CPU.ActiveCfg = Debug|Any CPU
		{287B0824-1FED-40BA-B4AA-27A065706AF9}.Debug|Any CPU.Build.0 = Debug|Any CPU
		{287B0824-1FED-40BA-B4AA-27A065706AF9}.Release|Any CPU.ActiveCfg = Release|Any CPU
		{287B0824-1FED-40BA-B4AA-27A065706AF9}.Release|Any CPU.Build.0 = Release|Any CPU
		{339CD677-D8B8-4CFF-8E95-245D30622399}.Debug|Any CPU.ActiveCfg = Debug|Any CPU
		{339CD677-D8B8-4CFF-8E95-245D30622399}.Debug|Any CPU.Build.0 = Debug|Any CPU
		{339CD677-D8B8-4CFF-8E95-245D30622399}.Release|Any CPU.ActiveCfg = Release|Any CPU
		{339CD677-D8B8-4CFF-8E95-245D30622399}.Release|Any CPU.Build.0 = Release|Any CPU
	EndGlobalSection
	GlobalSection(SolutionProperties) = preSolution
		HideSolutionNode = FALSE
	EndGlobalSection
EndGlobal
