
Microsoft Visual Studio Solution File, Format Version 12.00
# Visual Studio 15
VisualStudioVersion = 15.0.27703.1
MinimumVisualStudioVersion = 10.0.40219.1
Project("{FAE04EC0-301F-11D3-BF4B-00C04F79EFBC}") = "StudentManager", "StudentManager\StudentManager.csproj", "{4A24A3BE-2672-4A86-9012-009DF12C5EBF}"
EndProject
Project("{FAE04EC0-301F-11D3-BF4B-00C04F79EFBC}") = "Models", "Models\Models.csproj", "{5BBDE8C2-4077-4BE2-BEAA-9C62F9437D84}"
EndProject
Project("{FAE04EC0-301F-11D3-BF4B-00C04F79EFBC}") = "DAL", "DAL\DAL.csproj", "{211D0F9D-9582-488E-BA7A-874D9642E9D7}"
EndProject
Project("{FAE04EC0-301F-11D3-BF4B-00C04F79EFBC}") = "Common", "Common\Common.csproj", "{47ACCECD-AF52-4946-9F6E-BF0D3BD9BB56}"
EndProject
Global
	GlobalSection(SolutionConfigurationPlatforms) = preSolution
		Debug|Any CPU = Debug|Any CPU
		Release|Any CPU = Release|Any CPU
	EndGlobalSection
	GlobalSection(ProjectConfigurationPlatforms) = postSolution
		{4A24A3BE-2672-4A86-9012-009DF12C5EBF}.Debug|Any CPU.ActiveCfg = Debug|Any CPU
		{4A24A3BE-2672-4A86-9012-009DF12C5EBF}.Debug|Any CPU.Build.0 = Debug|Any CPU
		{4A24A3BE-2672-4A86-9012-009DF12C5EBF}.Release|Any CPU.ActiveCfg = Release|Any CPU
		{4A24A3BE-2672-4A86-9012-009DF12C5EBF}.Release|Any CPU.Build.0 = Release|Any CPU
		{5BBDE8C2-4077-4BE2-BEAA-9C62F9437D84}.Debug|Any CPU.ActiveCfg = Debug|Any CPU
		{5BBDE8C2-4077-4BE2-BEAA-9C62F9437D84}.Debug|Any CPU.Build.0 = Debug|Any CPU
		{5BBDE8C2-4077-4BE2-BEAA-9C62F9437D84}.Release|Any CPU.ActiveCfg = Release|Any CPU
		{5BBDE8C2-4077-4BE2-BEAA-9C62F9437D84}.Release|Any CPU.Build.0 = Release|Any CPU
		{211D0F9D-9582-488E-BA7A-874D9642E9D7}.Debug|Any CPU.ActiveCfg = Debug|Any CPU
		{211D0F9D-9582-488E-BA7A-874D9642E9D7}.Debug|Any CPU.Build.0 = Debug|Any CPU
		{211D0F9D-9582-488E-BA7A-874D9642E9D7}.Release|Any CPU.ActiveCfg = Release|Any CPU
		{211D0F9D-9582-488E-BA7A-874D9642E9D7}.Release|Any CPU.Build.0 = Release|Any CPU
		{47ACCECD-AF52-4946-9F6E-BF0D3BD9BB56}.Debug|Any CPU.ActiveCfg = Debug|Any CPU
		{47ACCECD-AF52-4946-9F6E-BF0D3BD9BB56}.Debug|Any CPU.Build.0 = Debug|Any CPU
		{47ACCECD-AF52-4946-9F6E-BF0D3BD9BB56}.Release|Any CPU.ActiveCfg = Release|Any CPU
		{47ACCECD-AF52-4946-9F6E-BF0D3BD9BB56}.Release|Any CPU.Build.0 = Release|Any CPU
	EndGlobalSection
	GlobalSection(SolutionProperties) = preSolution
		HideSolutionNode = FALSE
	EndGlobalSection
	GlobalSection(ExtensibilityGlobals) = postSolution
		SolutionGuid = {E4282C21-5ED9-452B-8216-982296727905}
	EndGlobalSection
EndGlobal
